{
  "name": "backend",
  "version": "1.0.0",
  "lockfileVersion": 2,
  "requires": true,
  "packages": {
    "": {
      "name": "backend",
      "version": "1.0.0",
      "license": "ISC",
      "dependencies": {
        "@hocuspocus/extension-logger": "^1.0.0-alpha.81",
        "@hocuspocus/server": "^1.0.0-alpha.107",
        "@slate-yjs/core": "^0.2.8",
        "yjs": "^13.5.41"
      }
    },
    "node_modules/@hocuspocus/common": {
      "version": "1.0.0-alpha.12",
      "resolved": "https://registry.npmjs.org/@hocuspocus/common/-/common-1.0.0-alpha.12.tgz",
      "integrity": "sha512-0T3GQAR41/P+sGkCUgN/n4BgsM5jcs3sw9eETHez3s5sL6Z48FCVOOSCJIWR3NtrY62gdr7E/I5yLfUmvu3lWA==",
      "dependencies": {
        "lib0": "^0.2.47"
      }
    },
    "node_modules/@hocuspocus/extension-logger": {
      "version": "1.0.0-alpha.81",
      "resolved": "https://registry.npmjs.org/@hocuspocus/extension-logger/-/extension-logger-1.0.0-alpha.81.tgz",
      "integrity": "sha512-dvW4aYNrIp2xvZT+C2hABW04TIpErmnK/7TU8dQKi6kr4Q80UXngJCDiaSejmKPiHLNFOxO5GPn3ROWyxqkLzQ==",
      "dependencies": {
        "@hocuspocus/server": "^1.0.0-alpha.107"
      }
    },
    "node_modules/@hocuspocus/server": {
      "version": "1.0.0-alpha.107",
      "resolved": "https://registry.npmjs.org/@hocuspocus/server/-/server-1.0.0-alpha.107.tgz",
      "integrity": "sha512-ifahTjxU3Rd+rIVc0tyZAnD+ezznOAAs7d5W49Du5FjMQbM51GgrJ83aqMEee7EF0SkVppP5t+xh6pkdJEYAiQ==",
      "dependencies": {
        "@hocuspocus/common": "^1.0.0-alpha.12",
        "@types/async-lock": "^1.1.3",
        "@types/uuid": "^8.3.4",
        "@types/ws": "^8.5.3",
        "async-lock": "^1.3.1",
        "kleur": "^4.1.4",
        "lib0": "^0.2.46",
        "uuid": "^8.3.2",
        "ws": "^8.5.0",
        "y-protocols": "^1.0.5",
        "yjs": "^13.5.29"
      }
    },
    "node_modules/@slate-yjs/core": {
      "version": "0.2.8",
      "resolved": "https://registry.npmjs.org/@slate-yjs/core/-/core-0.2.8.tgz",
      "integrity": "sha512-F8TamTNVNEbEfoWo0RGSHLZJ5s9713znJ185xJXDhl38n61iot1NIh813EoLG+YDawLYBA5uwp8Z6qTs7d8nTw==",
      "dependencies": {
        "y-protocols": "^1.0.5"
      },
      "peerDependencies": {
        "slate": ">=0.70.0",
        "yjs": "^13.5.29"
      }
    },
    "node_modules/@types/async-lock": {
      "version": "1.3.0",
      "resolved": "https://registry.npmjs.org/@types/async-lock/-/async-lock-1.3.0.tgz",
      "integrity": "sha512-Z93wDSYW9aMgPR5t+7ouwTvy91Vp3M0Snh4Pd3tf+caSAq5bXZaGnnH9CDbjrwgmfDkRIX0Dx8GvSDgwuoaxoA=="
    },
    "node_modules/@types/node": {
      "version": "18.7.21",
      "resolved": "https://registry.npmjs.org/@types/node/-/node-18.7.21.tgz",
      "integrity": "sha512-rLFzK5bhM0YPyCoTC8bolBjMk7bwnZ8qeZUBslBfjZQou2ssJdWslx9CZ8DGM+Dx7QXQiiTVZ/6QO6kwtHkZCA=="
    },
    "node_modules/@types/uuid": {
      "version": "8.3.4",
      "resolved": "https://registry.npmjs.org/@types/uuid/-/uuid-8.3.4.tgz",
      "integrity": "sha512-c/I8ZRb51j+pYGAu5CrFMRxqZ2ke4y2grEBO5AUjgSkSk+qT2Ea+OdWElz/OiMf5MNpn2b17kuVBwZLQJXzihw=="
    },
    "node_modules/@types/ws": {
      "version": "8.5.3",
      "resolved": "https://registry.npmjs.org/@types/ws/-/ws-8.5.3.tgz",
      "integrity": "sha512-6YOoWjruKj1uLf3INHH7D3qTXwFfEsg1kf3c0uDdSBJwfa/llkwIjrAGV7j7mVgGNbzTQ3HiHKKDXl6bJPD97w==",
      "dependencies": {
        "@types/node": "*"
      }
    },
    "node_modules/async-lock": {
      "version": "1.3.2",
      "resolved": "https://registry.npmjs.org/async-lock/-/async-lock-1.3.2.tgz",
      "integrity": "sha512-phnXdS3RP7PPcmP6NWWzWMU0sLTeyvtZCxBPpZdkYE3seGLKSQZs9FrmVO/qwypq98FUtWWUEYxziLkdGk5nnA=="
    },
    "node_modules/immer": {
      "version": "9.0.15",
      "resolved": "https://registry.npmjs.org/immer/-/immer-9.0.15.tgz",
      "integrity": "sha512-2eB/sswms9AEUSkOm4SbV5Y7Vmt/bKRwByd52jfLkW4OLYeaTP3EEiJ9agqU0O/tq6Dk62Zfj+TJSqfm1rLVGQ==",
      "peer": true,
      "funding": {
        "type": "opencollective",
        "url": "https://opencollective.com/immer"
      }
    },
    "node_modules/is-plain-object": {
      "version": "5.0.0",
      "resolved": "https://registry.npmjs.org/is-plain-object/-/is-plain-object-5.0.0.tgz",
      "integrity": "sha512-VRSzKkbMm5jMDoKLbltAkFQ5Qr7VDiTFGXxYFXXowVj387GeGNOCsOH6Msy00SGZ3Fp84b1Naa1psqgcCIEP5Q==",
      "peer": true,
      "engines": {
        "node": ">=0.10.0"
      }
    },
    "node_modules/isomorphic.js": {
      "version": "0.2.5",
      "resolved": "https://registry.npmjs.org/isomorphic.js/-/isomorphic.js-0.2.5.tgz",
      "integrity": "sha512-PIeMbHqMt4DnUP3MA/Flc0HElYjMXArsw1qwJZcm9sqR8mq3l8NYizFMty0pWwE/tzIGH3EKK5+jes5mAr85yw==",
      "funding": {
        "type": "GitHub Sponsors ❤",
        "url": "https://github.com/sponsors/dmonad"
      }
    },
    "node_modules/kleur": {
      "version": "4.1.5",
      "resolved": "https://registry.npmjs.org/kleur/-/kleur-4.1.5.tgz",
      "integrity": "sha512-o+NO+8WrRiQEE4/7nwRJhN1HWpVmJm511pBHUxPLtp0BUISzlBplORYSmTclCnJvQq2tKu/sgl3xVpkc7ZWuQQ==",
      "engines": {
        "node": ">=6"
      }
    },
    "node_modules/lib0": {
      "version": "0.2.52",
      "resolved": "https://registry.npmjs.org/lib0/-/lib0-0.2.52.tgz",
      "integrity": "sha512-CjxlM7UgICfN6b2OPALBXchIBiNk6jE+1g7JP8ha+dh1xKRDSYpH0WQl1+rMqCju49xUnwPG34v4CR5/rPOZhg==",
      "dependencies": {
        "isomorphic.js": "^0.2.4"
      },
      "engines": {
        "node": ">=14"
      },
      "funding": {
        "type": "GitHub Sponsors ❤",
        "url": "https://github.com/sponsors/dmonad"
      }
    },
    "node_modules/slate": {
      "version": "0.82.1",
      "resolved": "https://registry.npmjs.org/slate/-/slate-0.82.1.tgz",
      "integrity": "sha512-3mdRdq7U3jSEoyFrGvbeb28hgrvrr4NdFCtJX+IjaNvSFozY0VZd/CGHF0zf/JDx7aEov864xd5uj0HQxxEWTQ==",
      "peer": true,
      "dependencies": {
        "immer": "^9.0.6",
        "is-plain-object": "^5.0.0",
        "tiny-warning": "^1.0.3"
      }
    },
    "node_modules/tiny-warning": {
      "version": "1.0.3",
      "resolved": "https://registry.npmjs.org/tiny-warning/-/tiny-warning-1.0.3.tgz",
      "integrity": "sha512-lBN9zLN/oAf68o3zNXYrdCt1kP8WsiGW8Oo2ka41b2IM5JL/S1CTyX1rW0mb/zSuJun0ZUrDxx4sqvYS2FWzPA==",
      "peer": true
    },
    "node_modules/uuid": {
      "version": "8.3.2",
      "resolved": "https://registry.npmjs.org/uuid/-/uuid-8.3.2.tgz",
      "integrity": "sha512-+NYs2QeMWy+GWFOEm9xnn6HCDp0l7QBD7ml8zLUmJ+93Q5NF0NocErnwkTkXVFNiX3/fpC6afS8Dhb/gz7R7eg==",
      "bin": {
        "uuid": "dist/bin/uuid"
      }
    },
    "node_modules/ws": {
      "version": "8.9.0",
      "resolved": "https://registry.npmjs.org/ws/-/ws-8.9.0.tgz",
      "integrity": "sha512-Ja7nszREasGaYUYCI2k4lCKIRTt+y7XuqVoHR44YpI49TtryyqbqvDMn5eqfW7e6HzTukDRIsXqzVHScqRcafg==",
      "engines": {
        "node": ">=10.0.0"
      },
      "peerDependencies": {
        "bufferutil": "^4.0.1",
        "utf-8-validate": "^5.0.2"
      },
      "peerDependenciesMeta": {
        "bufferutil": {
          "optional": true
        },
        "utf-8-validate": {
          "optional": true
        }
      }
    },
    "node_modules/y-protocols": {
      "version": "1.0.5",
      "resolved": "https://registry.npmjs.org/y-protocols/-/y-protocols-1.0.5.tgz",
      "integrity": "sha512-Wil92b7cGk712lRHDqS4T90IczF6RkcvCwAD0A2OPg+adKmOe+nOiT/N2hvpQIWS3zfjmtL4CPaH5sIW1Hkm/A==",
      "dependencies": {
        "lib0": "^0.2.42"
      },
      "funding": {
        "type": "GitHub Sponsors ❤",
        "url": "https://github.com/sponsors/dmonad"
      }
    },
    "node_modules/yjs": {
      "version": "13.5.41",
      "resolved": "https://registry.npmjs.org/yjs/-/yjs-13.5.41.tgz",
      "integrity": "sha512-4eSTrrs8OeI0heXKKioRY4ag7V5Bk85Z4MeniUyown3o3y0G7G4JpAZWrZWfTp7pzw2b53GkAQWKqHsHi9j9JA==",
      "dependencies": {
        "lib0": "^0.2.49"
      },
      "funding": {
        "type": "GitHub Sponsors ❤",
        "url": "https://github.com/sponsors/dmonad"
      }
    }
  },
  "dependencies": {
    "@hocuspocus/common": {
      "version": "1.0.0-alpha.12",
      "resolved": "https://registry.npmjs.org/@hocuspocus/common/-/common-1.0.0-alpha.12.tgz",
      "integrity": "sha512-0T3GQAR41/P+sGkCUgN/n4BgsM5jcs3sw9eETHez3s5sL6Z48FCVOOSCJIWR3NtrY62gdr7E/I5yLfUmvu3lWA==",
      "requires": {
        "lib0": "^0.2.47"
      }
    },
    "@hocuspocus/extension-logger": {
      "version": "1.0.0-alpha.81",
      "resolved": "https://registry.npmjs.org/@hocuspocus/extension-logger/-/extension-logger-1.0.0-alpha.81.tgz",
      "integrity": "sha512-dvW4aYNrIp2xvZT+C2hABW04TIpErmnK/7TU8dQKi6kr4Q80UXngJCDiaSejmKPiHLNFOxO5GPn3ROWyxqkLzQ==",
      "requires": {
        "@hocuspocus/server": "^1.0.0-alpha.107"
      }
    },
    "@hocuspocus/server": {
      "version": "1.0.0-alpha.107",
      "resolved": "https://registry.npmjs.org/@hocuspocus/server/-/server-1.0.0-alpha.107.tgz",
      "integrity": "sha512-ifahTjxU3Rd+rIVc0tyZAnD+ezznOAAs7d5W49Du5FjMQbM51GgrJ83aqMEee7EF0SkVppP5t+xh6pkdJEYAiQ==",
      "requires": {
        "@hocuspocus/common": "^1.0.0-alpha.12",
        "@types/async-lock": "^1.1.3",
        "@types/uuid": "^8.3.4",
        "@types/ws": "^8.5.3",
        "async-lock": "^1.3.1",
        "kleur": "^4.1.4",
        "lib0": "^0.2.46",
        "uuid": "^8.3.2",
        "ws": "^8.5.0",
        "y-protocols": "^1.0.5",
        "yjs": "^13.5.29"
      }
    },
    "@slate-yjs/core": {
      "version": "0.2.8",
      "resolved": "https://registry.npmjs.org/@slate-yjs/core/-/core-0.2.8.tgz",
      "integrity": "sha512-F8TamTNVNEbEfoWo0RGSHLZJ5s9713znJ185xJXDhl38n61iot1NIh813EoLG+YDawLYBA5uwp8Z6qTs7d8nTw==",
      "requires": {
        "y-protocols": "^1.0.5"
      }
    },
    "@types/async-lock": {
      "version": "1.3.0",
      "resolved": "https://registry.npmjs.org/@types/async-lock/-/async-lock-1.3.0.tgz",
      "integrity": "sha512-Z93wDSYW9aMgPR5t+7ouwTvy91Vp3M0Snh4Pd3tf+caSAq5bXZaGnnH9CDbjrwgmfDkRIX0Dx8GvSDgwuoaxoA=="
    },
    "@types/node": {
      "version": "18.7.21",
      "resolved": "https://registry.npmjs.org/@types/node/-/node-18.7.21.tgz",
      "integrity": "sha512-rLFzK5bhM0YPyCoTC8bolBjMk7bwnZ8qeZUBslBfjZQou2ssJdWslx9CZ8DGM+Dx7QXQiiTVZ/6QO6kwtHkZCA=="
    },
    "@types/uuid": {
      "version": "8.3.4",
      "resolved": "https://registry.npmjs.org/@types/uuid/-/uuid-8.3.4.tgz",
      "integrity": "sha512-c/I8ZRb51j+pYGAu5CrFMRxqZ2ke4y2grEBO5AUjgSkSk+qT2Ea+OdWElz/OiMf5MNpn2b17kuVBwZLQJXzihw=="
    },
    "@types/ws": {
      "version": "8.5.3",
      "resolved": "https://registry.npmjs.org/@types/ws/-/ws-8.5.3.tgz",
      "integrity": "sha512-6YOoWjruKj1uLf3INHH7D3qTXwFfEsg1kf3c0uDdSBJwfa/llkwIjrAGV7j7mVgGNbzTQ3HiHKKDXl6bJPD97w==",
      "requires": {
        "@types/node": "*"
      }
    },
    "async-lock": {
      "version": "1.3.2",
      "resolved": "https://registry.npmjs.org/async-lock/-/async-lock-1.3.2.tgz",
      "integrity": "sha512-phnXdS3RP7PPcmP6NWWzWMU0sLTeyvtZCxBPpZdkYE3seGLKSQZs9FrmVO/qwypq98FUtWWUEYxziLkdGk5nnA=="
    },
    "immer": {
      "version": "9.0.15",
      "resolved": "https://registry.npmjs.org/immer/-/immer-9.0.15.tgz",
      "integrity": "sha512-2eB/sswms9AEUSkOm4SbV5Y7Vmt/bKRwByd52jfLkW4OLYeaTP3EEiJ9agqU0O/tq6Dk62Zfj+TJSqfm1rLVGQ==",
      "peer": true
    },
    "is-plain-object": {
      "version": "5.0.0",
      "resolved": "https://registry.npmjs.org/is-plain-object/-/is-plain-object-5.0.0.tgz",
      "integrity": "sha512-VRSzKkbMm5jMDoKLbltAkFQ5Qr7VDiTFGXxYFXXowVj387GeGNOCsOH6Msy00SGZ3Fp84b1Naa1psqgcCIEP5Q==",
      "peer": true
    },
    "isomorphic.js": {
      "version": "0.2.5",
      "resolved": "https://registry.npmjs.org/isomorphic.js/-/isomorphic.js-0.2.5.tgz",
      "integrity": "sha512-PIeMbHqMt4DnUP3MA/Flc0HElYjMXArsw1qwJZcm9sqR8mq3l8NYizFMty0pWwE/tzIGH3EKK5+jes5mAr85yw=="
    },
    "kleur": {
      "version": "4.1.5",
      "resolved": "https://registry.npmjs.org/kleur/-/kleur-4.1.5.tgz",
      "integrity": "sha512-o+NO+8WrRiQEE4/7nwRJhN1HWpVmJm511pBHUxPLtp0BUISzlBplORYSmTclCnJvQq2tKu/sgl3xVpkc7ZWuQQ=="
    },
    "lib0": {
      "version": "0.2.52",
      "resolved": "https://registry.npmjs.org/lib0/-/lib0-0.2.52.tgz",
      "integrity": "sha512-CjxlM7UgICfN6b2OPALBXchIBiNk6jE+1g7JP8ha+dh1xKRDSYpH0WQl1+rMqCju49xUnwPG34v4CR5/rPOZhg==",
      "requires": {
        "isomorphic.js": "^0.2.4"
      }
    },
    "slate": {
      "version": "0.82.1",
      "resolved": "https://registry.npmjs.org/slate/-/slate-0.82.1.tgz",
      "integrity": "sha512-3mdRdq7U3jSEoyFrGvbeb28hgrvrr4NdFCtJX+IjaNvSFozY0VZd/CGHF0zf/JDx7aEov864xd5uj0HQxxEWTQ==",
      "peer": true,
      "requires": {
        "immer": "^9.0.6",
        "is-plain-object": "^5.0.0",
        "tiny-warning": "^1.0.3"
      }
    },
    "tiny-warning": {
      "version": "1.0.3",
      "resolved": "https://registry.npmjs.org/tiny-warning/-/tiny-warning-1.0.3.tgz",
      "integrity": "sha512-lBN9zLN/oAf68o3zNXYrdCt1kP8WsiGW8Oo2ka41b2IM5JL/S1CTyX1rW0mb/zSuJun0ZUrDxx4sqvYS2FWzPA==",
      "peer": true
    },
    "uuid": {
      "version": "8.3.2",
      "resolved": "https://registry.npmjs.org/uuid/-/uuid-8.3.2.tgz",
      "integrity": "sha512-+NYs2QeMWy+GWFOEm9xnn6HCDp0l7QBD7ml8zLUmJ+93Q5NF0NocErnwkTkXVFNiX3/fpC6afS8Dhb/gz7R7eg=="
    },
    "ws": {
      "version": "8.9.0",
      "resolved": "https://registry.npmjs.org/ws/-/ws-8.9.0.tgz",
      "integrity": "sha512-Ja7nszREasGaYUYCI2k4lCKIRTt+y7XuqVoHR44YpI49TtryyqbqvDMn5eqfW7e6HzTukDRIsXqzVHScqRcafg==",
      "requires": {}
    },
    "y-protocols": {
      "version": "1.0.5",
      "resolved": "https://registry.npmjs.org/y-protocols/-/y-protocols-1.0.5.tgz",
      "integrity": "sha512-Wil92b7cGk712lRHDqS4T90IczF6RkcvCwAD0A2OPg+adKmOe+nOiT/N2hvpQIWS3zfjmtL4CPaH5sIW1Hkm/A==",
      "requires": {
        "lib0": "^0.2.42"
      }
    },
    "yjs": {
      "version": "13.5.41",
      "resolved": "https://registry.npmjs.org/yjs/-/yjs-13.5.41.tgz",
      "integrity": "sha512-4eSTrrs8OeI0heXKKioRY4ag7V5Bk85Z4MeniUyown3o3y0G7G4JpAZWrZWfTp7pzw2b53GkAQWKqHsHi9j9JA==",
      "requires": {
        "lib0": "^0.2.49"
      }
    }
  }
}
